
Microsoft Visual Studio Solution File, Format Version 12.00
# Visual Studio Version 16
VisualStudioVersion = 16.0.30011.22
MinimumVisualStudioVersion = 10.0.40219.1
Project("{888888A0-9F3D-457C-B088-3A5042F75D52}") = "thesis", "thesis.pyproj", "{31D9D9CC-1833-4890-85E3-17AF689B098D}"
EndProject
Global
	GlobalSection(SolutionConfigurationPlatforms) = preSolution
		Debug|Any CPU = Debug|Any CPU
		Release|Any CPU = Release|Any CPU
	EndGlobalSection
	GlobalSection(ProjectConfigurationPlatforms) = postSolution
		{31D9D9CC-1833-4890-85E3-17AF689B098D}.Debug|Any CPU.ActiveCfg = Debug|Any CPU
		{31D9D9CC-1833-4890-85E3-17AF689B098D}.Release|Any CPU.ActiveCfg = Release|Any CPU
	EndGlobalSection
	GlobalSection(SolutionProperties) = preSolution
		HideSolutionNode = FALSE
	EndGlobalSection
	GlobalSection(ExtensibilityGlobals) = postSolution
		SolutionGuid = {2A477FD7-D916-4A5E-99CF-D9A2DBBD76C3}
	EndGlobalSection
EndGlobal
